
Microsoft Visual Studio Solution File, Format Version 12.00
# Visual Studio Version 17
VisualStudioVersion = 17.14.36414.22 d17.14
MinimumVisualStudioVersion = 10.0.40219.1
Project("{2150E333-8FDC-42A3-9474-1A3956D46DE8}") = "Frontend", "Frontend", "{02EA681E-C7D8-13C7-8484-4AC65E1B71E8}"
EndProject
Project("{2150E333-8FDC-42A3-9474-1A3956D46DE8}") = "Backend", "Backend", "{09C41EE3-0AFF-4639-8442-E34F18619609}"
EndProject
Project("{FAE04EC0-301F-11D3-BF4B-00C04F79EFBC}") = "GeekShopping.Web", "GeekShopping.Web\GeekShopping.Web.csproj", "{BB517F84-AF4D-4412-BE6B-EA11FB9110B2}"
EndProject
Global
	GlobalSection(SolutionConfigurationPlatforms) = preSolution
		Debug|Any CPU = Debug|Any CPU
		Release|Any CPU = Release|Any CPU
	EndGlobalSection
	GlobalSection(ProjectConfigurationPlatforms) = postSolution
		{BB517F84-AF4D-4412-BE6B-EA11FB9110B2}.Debug|Any CPU.ActiveCfg = Debug|Any CPU
		{BB517F84-AF4D-4412-BE6B-EA11FB9110B2}.Debug|Any CPU.Build.0 = Debug|Any CPU
		{BB517F84-AF4D-4412-BE6B-EA11FB9110B2}.Release|Any CPU.ActiveCfg = Release|Any CPU
		{BB517F84-AF4D-4412-BE6B-EA11FB9110B2}.Release|Any CPU.Build.0 = Release|Any CPU
	EndGlobalSection
	GlobalSection(SolutionProperties) = preSolution
		HideSolutionNode = FALSE
	EndGlobalSection
	GlobalSection(NestedProjects) = preSolution
		{BB517F84-AF4D-4412-BE6B-EA11FB9110B2} = {02EA681E-C7D8-13C7-8484-4AC65E1B71E8}
	EndGlobalSection
	GlobalSection(ExtensibilityGlobals) = postSolution
		SolutionGuid = {9544358D-0E89-4232-AA92-E14760F2DA4C}
	EndGlobalSection
EndGlobal
